
Microsoft Visual Studio Solution File, Format Version 12.00
# Visual Studio Version 17
VisualStudioVersion = 17.12.35527.113
MinimumVisualStudioVersion = 10.0.40219.1
Project("{FAE04EC0-301F-11D3-BF4B-00C04F79EFBC}") = "Demo", "Demo\Demo.csproj", "{D55827FB-A474-42DB-82D2-C87029BEC40A}"
EndProject
Project("{FAE04EC0-301F-11D3-BF4B-00C04F79EFBC}") = "Assignment02", "Assignment02\Assignment02.csproj", "{05B6FE20-7AA7-4425-89A5-F3348B947692}"
EndProject
Global
	GlobalSection(SolutionConfigurationPlatforms) = preSolution
		Debug|Any CPU = Debug|Any CPU
		Release|Any CPU = Release|Any CPU
	EndGlobalSection
	GlobalSection(ProjectConfigurationPlatforms) = postSolution
		{D55827FB-A474-42DB-82D2-C87029BEC40A}.Debug|Any CPU.ActiveCfg = Debug|Any CPU
		{D55827FB-A474-42DB-82D2-C87029BEC40A}.Debug|Any CPU.Build.0 = Debug|Any CPU
		{D55827FB-A474-42DB-82D2-C87029BEC40A}.Release|Any CPU.ActiveCfg = Release|Any CPU
		{D55827FB-A474-42DB-82D2-C87029BEC40A}.Release|Any CPU.Build.0 = Release|Any CPU
		{05B6FE20-7AA7-4425-89A5-F3348B947692}.Debug|Any CPU.ActiveCfg = Debug|Any CPU
		{05B6FE20-7AA7-4425-89A5-F3348B947692}.Debug|Any CPU.Build.0 = Debug|Any CPU
		{05B6FE20-7AA7-4425-89A5-F3348B947692}.Release|Any CPU.ActiveCfg = Release|Any CPU
		{05B6FE20-7AA7-4425-89A5-F3348B947692}.Release|Any CPU.Build.0 = Release|Any CPU
	EndGlobalSection
	GlobalSection(SolutionProperties) = preSolution
		HideSolutionNode = FALSE
	EndGlobalSection
EndGlobal
